// !$*UTF8*$!
{
	archiveVersion = 1;
	classes = {
	};
	objectVersion = 50;
	objects = {

/* Begin PBXBuildFile section */
		148DE6CD112B87C4295248EC /* Pods_MRImagePickerTests.framework in Frameworks */ = {isa = PBXBuildFile; fileRef = F38A945CEF75FA9DDDD8FE0E /* Pods_MRImagePickerTests.framework */; };
		7630059F21FB409300EB7CB6 /* AppDelegate.swift in Sources */ = {isa = PBXBuildFile; fileRef = 7630059E21FB409300EB7CB6 /* AppDelegate.swift */; };
		763005A421FB409300EB7CB6 /* Main.storyboard in Resources */ = {isa = PBXBuildFile; fileRef = 763005A221FB409300EB7CB6 /* Main.storyboard */; };
		763005A621FB409400EB7CB6 /* Assets.xcassets in Resources */ = {isa = PBXBuildFile; fileRef = 763005A521FB409400EB7CB6 /* Assets.xcassets */; };
		763005A921FB409400EB7CB6 /* LaunchScreen.storyboard in Resources */ = {isa = PBXBuildFile; fileRef = 763005A721FB409400EB7CB6 /* LaunchScreen.storyboard */; };
		763005B421FB409400EB7CB6 /* MRImagePickerTests.swift in Sources */ = {isa = PBXBuildFile; fileRef = 763005B321FB409400EB7CB6 /* MRImagePickerTests.swift */; };
		76A0949F21FB4A8C00D30458 /* Assets.swift in Sources */ = {isa = PBXBuildFile; fileRef = 76A0949E21FB4A8C00D30458 /* Assets.swift */; };
		A1EF2FB121FF61D700784D4B /* AppCoordinator.swift in Sources */ = {isa = PBXBuildFile; fileRef = A1EF2FB021FF61D700784D4B /* AppCoordinator.swift */; };
		A1EF2FB321FF61E200784D4B /* Coordinator.swift in Sources */ = {isa = PBXBuildFile; fileRef = A1EF2FB221FF61E200784D4B /* Coordinator.swift */; };
		A1EF2FB721FF6B2200784D4B /* TabBarCoordinator.swift in Sources */ = {isa = PBXBuildFile; fileRef = A1EF2FB621FF6B2200784D4B /* TabBarCoordinator.swift */; };
		E31F6E1CA637BAAEB2EEE773 /* Pods_MRImagePicker.framework in Frameworks */ = {isa = PBXBuildFile; fileRef = 95980147A1EBEAF1F5777F19 /* Pods_MRImagePicker.framework */; };
/* End PBXBuildFile section */

/* Begin PBXContainerItemProxy section */
		763005B021FB409400EB7CB6 /* PBXContainerItemProxy */ = {
			isa = PBXContainerItemProxy;
			containerPortal = 7630059321FB409300EB7CB6 /* Project object */;
			proxyType = 1;
			remoteGlobalIDString = 7630059A21FB409300EB7CB6;
			remoteInfo = MRImagePicker;
		};
/* End PBXContainerItemProxy section */

/* Begin PBXFileReference section */
		327C8E2B28BDCDDF18040797 /* Pods-MRImagePicker.debug.xcconfig */ = {isa = PBXFileReference; includeInIndex = 1; lastKnownFileType = text.xcconfig; name = "Pods-MRImagePicker.debug.xcconfig"; path = "Pods/Target Support Files/Pods-MRImagePicker/Pods-MRImagePicker.debug.xcconfig"; sourceTree = "<group>"; };
		5A1B59CF3C13BDE7A2CABBAE /* Pods-MRImagePickerTests.debug.xcconfig */ = {isa = PBXFileReference; includeInIndex = 1; lastKnownFileType = text.xcconfig; name = "Pods-MRImagePickerTests.debug.xcconfig"; path = "Pods/Target Support Files/Pods-MRImagePickerTests/Pods-MRImagePickerTests.debug.xcconfig"; sourceTree = "<group>"; };
		7630059B21FB409300EB7CB6 /* MRImagePicker.app */ = {isa = PBXFileReference; explicitFileType = wrapper.application; includeInIndex = 0; path = MRImagePicker.app; sourceTree = BUILT_PRODUCTS_DIR; };
		7630059E21FB409300EB7CB6 /* AppDelegate.swift */ = {isa = PBXFileReference; lastKnownFileType = sourcecode.swift; path = AppDelegate.swift; sourceTree = "<group>"; };
		763005A321FB409300EB7CB6 /* Base */ = {isa = PBXFileReference; lastKnownFileType = file.storyboard; name = Base; path = Base.lproj/Main.storyboard; sourceTree = "<group>"; };
		763005A521FB409400EB7CB6 /* Assets.xcassets */ = {isa = PBXFileReference; lastKnownFileType = folder.assetcatalog; path = Assets.xcassets; sourceTree = "<group>"; };
		763005A821FB409400EB7CB6 /* Base */ = {isa = PBXFileReference; lastKnownFileType = file.storyboard; name = Base; path = Base.lproj/LaunchScreen.storyboard; sourceTree = "<group>"; };
		763005AA21FB409400EB7CB6 /* Info.plist */ = {isa = PBXFileReference; lastKnownFileType = text.plist.xml; path = Info.plist; sourceTree = "<group>"; };
		763005AF21FB409400EB7CB6 /* MRImagePickerTests.xctest */ = {isa = PBXFileReference; explicitFileType = wrapper.cfbundle; includeInIndex = 0; path = MRImagePickerTests.xctest; sourceTree = BUILT_PRODUCTS_DIR; };
		763005B321FB409400EB7CB6 /* MRImagePickerTests.swift */ = {isa = PBXFileReference; lastKnownFileType = sourcecode.swift; path = MRImagePickerTests.swift; sourceTree = "<group>"; };
		763005B521FB409400EB7CB6 /* Info.plist */ = {isa = PBXFileReference; lastKnownFileType = text.plist.xml; path = Info.plist; sourceTree = "<group>"; };
		76A0949E21FB4A8C00D30458 /* Assets.swift */ = {isa = PBXFileReference; lastKnownFileType = sourcecode.swift; path = Assets.swift; sourceTree = "<group>"; };
		796B3CC2F73F94EE4CA8857B /* Pods-MRImagePickerTests.release.xcconfig */ = {isa = PBXFileReference; includeInIndex = 1; lastKnownFileType = text.xcconfig; name = "Pods-MRImagePickerTests.release.xcconfig"; path = "Pods/Target Support Files/Pods-MRImagePickerTests/Pods-MRImagePickerTests.release.xcconfig"; sourceTree = "<group>"; };
		95980147A1EBEAF1F5777F19 /* Pods_MRImagePicker.framework */ = {isa = PBXFileReference; explicitFileType = wrapper.framework; includeInIndex = 0; path = Pods_MRImagePicker.framework; sourceTree = BUILT_PRODUCTS_DIR; };
		A1EF2FB021FF61D700784D4B /* AppCoordinator.swift */ = {isa = PBXFileReference; lastKnownFileType = sourcecode.swift; path = AppCoordinator.swift; sourceTree = "<group>"; };
		A1EF2FB221FF61E200784D4B /* Coordinator.swift */ = {isa = PBXFileReference; lastKnownFileType = sourcecode.swift; path = Coordinator.swift; sourceTree = "<group>"; };
		A1EF2FB621FF6B2200784D4B /* TabBarCoordinator.swift */ = {isa = PBXFileReference; lastKnownFileType = sourcecode.swift; path = TabBarCoordinator.swift; sourceTree = "<group>"; };
		A4BE27BFB0D7200EEE2D9911 /* Pods-MRImagePicker.release.xcconfig */ = {isa = PBXFileReference; includeInIndex = 1; lastKnownFileType = text.xcconfig; name = "Pods-MRImagePicker.release.xcconfig"; path = "Pods/Target Support Files/Pods-MRImagePicker/Pods-MRImagePicker.release.xcconfig"; sourceTree = "<group>"; };
		F38A945CEF75FA9DDDD8FE0E /* Pods_MRImagePickerTests.framework */ = {isa = PBXFileReference; explicitFileType = wrapper.framework; includeInIndex = 0; path = Pods_MRImagePickerTests.framework; sourceTree = BUILT_PRODUCTS_DIR; };
/* End PBXFileReference section */

/* Begin PBXFrameworksBuildPhase section */
		7630059821FB409300EB7CB6 /* Frameworks */ = {
			isa = PBXFrameworksBuildPhase;
			buildActionMask = 2147483647;
			files = (
				E31F6E1CA637BAAEB2EEE773 /* Pods_MRImagePicker.framework in Frameworks */,
			);
			runOnlyForDeploymentPostprocessing = 0;
		};
		763005AC21FB409400EB7CB6 /* Frameworks */ = {
			isa = PBXFrameworksBuildPhase;
			buildActionMask = 2147483647;
			files = (
				148DE6CD112B87C4295248EC /* Pods_MRImagePickerTests.framework in Frameworks */,
			);
			runOnlyForDeploymentPostprocessing = 0;
		};
/* End PBXFrameworksBuildPhase section */

/* Begin PBXGroup section */
		7630059221FB409300EB7CB6 = {
			isa = PBXGroup;
			children = (
				7630059D21FB409300EB7CB6 /* MRImagePicker */,
				763005B221FB409400EB7CB6 /* MRImagePickerTests */,
				7630059C21FB409300EB7CB6 /* Products */,
				CA8CC1DCAA36610BEC5AE94F /* Pods */,
				E4EB29EFB14AF8F02B7771D7 /* Frameworks */,
			);
			sourceTree = "<group>";
		};
		7630059C21FB409300EB7CB6 /* Products */ = {
			isa = PBXGroup;
			children = (
				7630059B21FB409300EB7CB6 /* MRImagePicker.app */,
				763005AF21FB409400EB7CB6 /* MRImagePickerTests.xctest */,
			);
			name = Products;
			sourceTree = "<group>";
		};
		7630059D21FB409300EB7CB6 /* MRImagePicker */ = {
			isa = PBXGroup;
			children = (
				76A0949C21FB4A7900D30458 /* Model */,
				76A0949A21FB474E00D30458 /* Supporting Files */,
				A1EF2FB421FF6B0000784D4B /* View */,
			);
			path = MRImagePicker;
			sourceTree = "<group>";
		};
		763005B221FB409400EB7CB6 /* MRImagePickerTests */ = {
			isa = PBXGroup;
			children = (
				763005B321FB409400EB7CB6 /* MRImagePickerTests.swift */,
				763005B521FB409400EB7CB6 /* Info.plist */,
			);
			path = MRImagePickerTests;
			sourceTree = "<group>";
		};
		76A0949A21FB474E00D30458 /* Supporting Files */ = {
			isa = PBXGroup;
			children = (
				7630059E21FB409300EB7CB6 /* AppDelegate.swift */,
				763005A521FB409400EB7CB6 /* Assets.xcassets */,
				763005AA21FB409400EB7CB6 /* Info.plist */,
				763005A721FB409400EB7CB6 /* LaunchScreen.storyboard */,
				763005A221FB409300EB7CB6 /* Main.storyboard */,
			);
			path = "Supporting Files";
			sourceTree = "<group>";
		};
		76A0949C21FB4A7900D30458 /* Model */ = {
			isa = PBXGroup;
			children = (
				76A0949D21FB4A7F00D30458 /* Assets */,
				A1EF2FAF21FF61AA00784D4B /* Coordinator */,
			);
			path = Model;
			sourceTree = "<group>";
		};
		76A0949D21FB4A7F00D30458 /* Assets */ = {
			isa = PBXGroup;
			children = (
				76A0949E21FB4A8C00D30458 /* Assets.swift */,
			);
			path = Assets;
			sourceTree = "<group>";
		};
		A1EF2FAF21FF61AA00784D4B /* Coordinator */ = {
			isa = PBXGroup;
			children = (
				A1EF2FB021FF61D700784D4B /* AppCoordinator.swift */,
				A1EF2FB221FF61E200784D4B /* Coordinator.swift */,
			);
			path = Coordinator;
			sourceTree = "<group>";
		};
		A1EF2FB421FF6B0000784D4B /* View */ = {
			isa = PBXGroup;
			children = (
				A1EF2FB521FF6B0B00784D4B /* Tab Bar */,
			);
			path = View;
			sourceTree = "<group>";
		};
		A1EF2FB521FF6B0B00784D4B /* Tab Bar */ = {
			isa = PBXGroup;
			children = (
				A1EF2FB621FF6B2200784D4B /* TabBarCoordinator.swift */,
			);
			path = "Tab Bar";
			sourceTree = "<group>";
		};
		CA8CC1DCAA36610BEC5AE94F /* Pods */ = {
			isa = PBXGroup;
			children = (
				327C8E2B28BDCDDF18040797 /* Pods-MRImagePicker.debug.xcconfig */,
				A4BE27BFB0D7200EEE2D9911 /* Pods-MRImagePicker.release.xcconfig */,
				5A1B59CF3C13BDE7A2CABBAE /* Pods-MRImagePickerTests.debug.xcconfig */,
				796B3CC2F73F94EE4CA8857B /* Pods-MRImagePickerTests.release.xcconfig */,
			);
			name = Pods;
			sourceTree = "<group>";
		};
		E4EB29EFB14AF8F02B7771D7 /* Frameworks */ = {
			isa = PBXGroup;
			children = (
				95980147A1EBEAF1F5777F19 /* Pods_MRImagePicker.framework */,
				F38A945CEF75FA9DDDD8FE0E /* Pods_MRImagePickerTests.framework */,
			);
			name = Frameworks;
			sourceTree = "<group>";
		};
/* End PBXGroup section */

/* Begin PBXNativeTarget section */
		7630059A21FB409300EB7CB6 /* MRImagePicker */ = {
			isa = PBXNativeTarget;
			buildConfigurationList = 763005B821FB409400EB7CB6 /* Build configuration list for PBXNativeTarget "MRImagePicker" */;
			buildPhases = (
				BE233DDD28D8F6C6587CDDD1 /* [CP] Check Pods Manifest.lock */,
				7630059721FB409300EB7CB6 /* Sources */,
				7630059821FB409300EB7CB6 /* Frameworks */,
				7630059921FB409300EB7CB6 /* Resources */,
				3824BC43220B83B89628D388 /* [CP] Embed Pods Frameworks */,
				76A0949B21FB490400D30458 /* [CP] SwiftGen */,
				761C395121FD1ABB0089CDAC /* [CP] SwiftLint */,
			);
			buildRules = (
			);
			dependencies = (
			);
			name = MRImagePicker;
			productName = MRImagePicker;
			productReference = 7630059B21FB409300EB7CB6 /* MRImagePicker.app */;
			productType = "com.apple.product-type.application";
		};
		763005AE21FB409400EB7CB6 /* MRImagePickerTests */ = {
			isa = PBXNativeTarget;
			buildConfigurationList = 763005BB21FB409400EB7CB6 /* Build configuration list for PBXNativeTarget "MRImagePickerTests" */;
			buildPhases = (
				FA8CD5EB2F3A6C4928B0F250 /* [CP] Check Pods Manifest.lock */,
				763005AB21FB409400EB7CB6 /* Sources */,
				763005AC21FB409400EB7CB6 /* Frameworks */,
				763005AD21FB409400EB7CB6 /* Resources */,
			);
			buildRules = (
			);
			dependencies = (
				763005B121FB409400EB7CB6 /* PBXTargetDependency */,
			);
			name = MRImagePickerTests;
			productName = MRImagePickerTests;
			productReference = 763005AF21FB409400EB7CB6 /* MRImagePickerTests.xctest */;
			productType = "com.apple.product-type.bundle.unit-test";
		};
/* End PBXNativeTarget section */

/* Begin PBXProject section */
		7630059321FB409300EB7CB6 /* Project object */ = {
			isa = PBXProject;
			attributes = {
				LastSwiftUpdateCheck = 1010;
				LastUpgradeCheck = 1010;
				ORGANIZATIONNAME = "Mariana Rios Silveira Carvalho";
				TargetAttributes = {
					7630059A21FB409300EB7CB6 = {
						CreatedOnToolsVersion = 10.1;
					};
					763005AE21FB409400EB7CB6 = {
						CreatedOnToolsVersion = 10.1;
						TestTargetID = 7630059A21FB409300EB7CB6;
					};
				};
			};
			buildConfigurationList = 7630059621FB409300EB7CB6 /* Build configuration list for PBXProject "MRImagePicker" */;
			compatibilityVersion = "Xcode 9.3";
			developmentRegion = en;
			hasScannedForEncodings = 0;
			knownRegions = (
				en,
				Base,
			);
			mainGroup = 7630059221FB409300EB7CB6;
			productRefGroup = 7630059C21FB409300EB7CB6 /* Products */;
			projectDirPath = "";
			projectRoot = "";
			targets = (
				7630059A21FB409300EB7CB6 /* MRImagePicker */,
				763005AE21FB409400EB7CB6 /* MRImagePickerTests */,
			);
		};
/* End PBXProject section */

/* Begin PBXResourcesBuildPhase section */
		7630059921FB409300EB7CB6 /* Resources */ = {
			isa = PBXResourcesBuildPhase;
			buildActionMask = 2147483647;
			files = (
				763005A921FB409400EB7CB6 /* LaunchScreen.storyboard in Resources */,
				763005A621FB409400EB7CB6 /* Assets.xcassets in Resources */,
				763005A421FB409300EB7CB6 /* Main.storyboard in Resources */,
			);
			runOnlyForDeploymentPostprocessing = 0;
		};
		763005AD21FB409400EB7CB6 /* Resources */ = {
			isa = PBXResourcesBuildPhase;
			buildActionMask = 2147483647;
			files = (
			);
			runOnlyForDeploymentPostprocessing = 0;
		};
/* End PBXResourcesBuildPhase section */

/* Begin PBXShellScriptBuildPhase section */
		3824BC43220B83B89628D388 /* [CP] Embed Pods Frameworks */ = {
			isa = PBXShellScriptBuildPhase;
			buildActionMask = 2147483647;
			files = (
			);
			inputFileListPaths = (
			);
			inputPaths = (
				"${SRCROOT}/Pods/Target Support Files/Pods-MRImagePicker/Pods-MRImagePicker-frameworks.sh",
				"${BUILT_PRODUCTS_DIR}/Cartography/Cartography.framework",
			);
			name = "[CP] Embed Pods Frameworks";
			outputFileListPaths = (
			);
			outputPaths = (
				"${TARGET_BUILD_DIR}/${FRAMEWORKS_FOLDER_PATH}/Cartography.framework",
			);
			runOnlyForDeploymentPostprocessing = 0;
			shellPath = /bin/sh;
			shellScript = "\"${SRCROOT}/Pods/Target Support Files/Pods-MRImagePicker/Pods-MRImagePicker-frameworks.sh\"\n";
			showEnvVarsInLog = 0;
		};
		761C395121FD1ABB0089CDAC /* [CP] SwiftLint */ = {
			isa = PBXShellScriptBuildPhase;
			buildActionMask = 2147483647;
			files = (
			);
			inputFileListPaths = (
			);
			inputPaths = (
			);
			name = "[CP] SwiftLint";
			outputFileListPaths = (
			);
			outputPaths = (
			);
			runOnlyForDeploymentPostprocessing = 0;
			shellPath = /bin/sh;
			shellScript = "\"${PODS_ROOT}/SwiftLint/swiftlint\"\n";
		};
		76A0949B21FB490400D30458 /* [CP] SwiftGen */ = {
			isa = PBXShellScriptBuildPhase;
			buildActionMask = 2147483647;
			files = (
			);
			inputFileListPaths = (
			);
			inputPaths = (
			);
			name = "[CP] SwiftGen";
			outputFileListPaths = (
			);
			outputPaths = (
			);
			runOnlyForDeploymentPostprocessing = 0;
			shellPath = /bin/sh;
			shellScript = "\"$PODS_ROOT/SwiftGen/bin/swiftgen\"\n";
		};
		BE233DDD28D8F6C6587CDDD1 /* [CP] Check Pods Manifest.lock */ = {
			isa = PBXShellScriptBuildPhase;
			buildActionMask = 2147483647;
			files = (
			);
			inputFileListPaths = (
			);
			inputPaths = (
				"${PODS_PODFILE_DIR_PATH}/Podfile.lock",
				"${PODS_ROOT}/Manifest.lock",
			);
			name = "[CP] Check Pods Manifest.lock";
			outputFileListPaths = (
			);
			outputPaths = (
				"$(DERIVED_FILE_DIR)/Pods-MRImagePicker-checkManifestLockResult.txt",
			);
			runOnlyForDeploymentPostprocessing = 0;
			shellPath = /bin/sh;
			shellScript = "diff \"${PODS_PODFILE_DIR_PATH}/Podfile.lock\" \"${PODS_ROOT}/Manifest.lock\" > /dev/null\nif [ $? != 0 ] ; then\n    # print error to STDERR\n    echo \"error: The sandbox is not in sync with the Podfile.lock. Run 'pod install' or update your CocoaPods installation.\" >&2\n    exit 1\nfi\n# This output is used by Xcode 'outputs' to avoid re-running this script phase.\necho \"SUCCESS\" > \"${SCRIPT_OUTPUT_FILE_0}\"\n";
			showEnvVarsInLog = 0;
		};
		FA8CD5EB2F3A6C4928B0F250 /* [CP] Check Pods Manifest.lock */ = {
			isa = PBXShellScriptBuildPhase;
			buildActionMask = 2147483647;
			files = (
			);
			inputFileListPaths = (
			);
			inputPaths = (
				"${PODS_PODFILE_DIR_PATH}/Podfile.lock",
				"${PODS_ROOT}/Manifest.lock",
			);
			name = "[CP] Check Pods Manifest.lock";
			outputFileListPaths = (
			);
			outputPaths = (
				"$(DERIVED_FILE_DIR)/Pods-MRImagePickerTests-checkManifestLockResult.txt",
			);
			runOnlyForDeploymentPostprocessing = 0;
			shellPath = /bin/sh;
			shellScript = "diff \"${PODS_PODFILE_DIR_PATH}/Podfile.lock\" \"${PODS_ROOT}/Manifest.lock\" > /dev/null\nif [ $? != 0 ] ; then\n    # print error to STDERR\n    echo \"error: The sandbox is not in sync with the Podfile.lock. Run 'pod install' or update your CocoaPods installation.\" >&2\n    exit 1\nfi\n# This output is used by Xcode 'outputs' to avoid re-running this script phase.\necho \"SUCCESS\" > \"${SCRIPT_OUTPUT_FILE_0}\"\n";
			showEnvVarsInLog = 0;
		};
/* End PBXShellScriptBuildPhase section */

/* Begin PBXSourcesBuildPhase section */
		7630059721FB409300EB7CB6 /* Sources */ = {
			isa = PBXSourcesBuildPhase;
			buildActionMask = 2147483647;
			files = (
				A1EF2FB321FF61E200784D4B /* Coordinator.swift in Sources */,
				A1EF2FB121FF61D700784D4B /* AppCoordinator.swift in Sources */,
				76A0949F21FB4A8C00D30458 /* Assets.swift in Sources */,
				A1EF2FB721FF6B2200784D4B /* TabBarCoordinator.swift in Sources */,
				7630059F21FB409300EB7CB6 /* AppDelegate.swift in Sources */,
			);
			runOnlyForDeploymentPostprocessing = 0;
		};
		763005AB21FB409400EB7CB6 /* Sources */ = {
			isa = PBXSourcesBuildPhase;
			buildActionMask = 2147483647;
			files = (
				763005B421FB409400EB7CB6 /* MRImagePickerTests.swift in Sources */,
			);
			runOnlyForDeploymentPostprocessing = 0;
		};
/* End PBXSourcesBuildPhase section */

/* Begin PBXTargetDependency section */
		763005B121FB409400EB7CB6 /* PBXTargetDependency */ = {
			isa = PBXTargetDependency;
			target = 7630059A21FB409300EB7CB6 /* MRImagePicker */;
			targetProxy = 763005B021FB409400EB7CB6 /* PBXContainerItemProxy */;
		};
/* End PBXTargetDependency section */

/* Begin PBXVariantGroup section */
		763005A221FB409300EB7CB6 /* Main.storyboard */ = {
			isa = PBXVariantGroup;
			children = (
				763005A321FB409300EB7CB6 /* Base */,
			);
			name = Main.storyboard;
			sourceTree = "<group>";
		};
		763005A721FB409400EB7CB6 /* LaunchScreen.storyboard */ = {
			isa = PBXVariantGroup;
			children = (
				763005A821FB409400EB7CB6 /* Base */,
			);
			name = LaunchScreen.storyboard;
			sourceTree = "<group>";
		};
/* End PBXVariantGroup section */

/* Begin XCBuildConfiguration section */
		763005B621FB409400EB7CB6 /* Debug */ = {
			isa = XCBuildConfiguration;
			buildSettings = {
				ALWAYS_SEARCH_USER_PATHS = NO;
				CLANG_ANALYZER_NONNULL = YES;
				CLANG_ANALYZER_NUMBER_OBJECT_CONVERSION = YES_AGGRESSIVE;
				CLANG_CXX_LANGUAGE_STANDARD = "gnu++14";
				CLANG_CXX_LIBRARY = "libc++";
				CLANG_ENABLE_MODULES = YES;
				CLANG_ENABLE_OBJC_ARC = YES;
				CLANG_ENABLE_OBJC_WEAK = YES;
				CLANG_WARN_BLOCK_CAPTURE_AUTORELEASING = YES;
				CLANG_WARN_BOOL_CONVERSION = YES;
				CLANG_WARN_COMMA = YES;
				CLANG_WARN_CONSTANT_CONVERSION = YES;
				CLANG_WARN_DEPRECATED_OBJC_IMPLEMENTATIONS = YES;
				CLANG_WARN_DIRECT_OBJC_ISA_USAGE = YES_ERROR;
				CLANG_WARN_DOCUMENTATION_COMMENTS = YES;
				CLANG_WARN_EMPTY_BODY = YES;
				CLANG_WARN_ENUM_CONVERSION = YES;
				CLANG_WARN_INFINITE_RECURSION = YES;
				CLANG_WARN_INT_CONVERSION = YES;
				CLANG_WARN_NON_LITERAL_NULL_CONVERSION = YES;
				CLANG_WARN_OBJC_IMPLICIT_RETAIN_SELF = YES;
				CLANG_WARN_OBJC_LITERAL_CONVERSION = YES;
				CLANG_WARN_OBJC_ROOT_CLASS = YES_ERROR;
				CLANG_WARN_RANGE_LOOP_ANALYSIS = YES;
				CLANG_WARN_STRICT_PROTOTYPES = YES;
				CLANG_WARN_SUSPICIOUS_MOVE = YES;
				CLANG_WARN_UNGUARDED_AVAILABILITY = YES_AGGRESSIVE;
				CLANG_WARN_UNREACHABLE_CODE = YES;
				CLANG_WARN__DUPLICATE_METHOD_MATCH = YES;
				CODE_SIGN_IDENTITY = "iPhone Developer";
				COPY_PHASE_STRIP = NO;
				DEBUG_INFORMATION_FORMAT = dwarf;
				ENABLE_STRICT_OBJC_MSGSEND = YES;
				ENABLE_TESTABILITY = YES;
				GCC_C_LANGUAGE_STANDARD = gnu11;
				GCC_DYNAMIC_NO_PIC = NO;
				GCC_NO_COMMON_BLOCKS = YES;
				GCC_OPTIMIZATION_LEVEL = 0;
				GCC_PREPROCESSOR_DEFINITIONS = (
					"DEBUG=1",
					"$(inherited)",
				);
				GCC_WARN_64_TO_32_BIT_CONVERSION = YES;
				GCC_WARN_ABOUT_RETURN_TYPE = YES_ERROR;
				GCC_WARN_UNDECLARED_SELECTOR = YES;
				GCC_WARN_UNINITIALIZED_AUTOS = YES_AGGRESSIVE;
				GCC_WARN_UNUSED_FUNCTION = YES;
				GCC_WARN_UNUSED_VARIABLE = YES;
				IPHONEOS_DEPLOYMENT_TARGET = 12.1;
				MTL_ENABLE_DEBUG_INFO = INCLUDE_SOURCE;
				MTL_FAST_MATH = YES;
				ONLY_ACTIVE_ARCH = YES;
				SDKROOT = iphoneos;
				SWIFT_ACTIVE_COMPILATION_CONDITIONS = DEBUG;
				SWIFT_OPTIMIZATION_LEVEL = "-Onone";
			};
			name = Debug;
		};
		763005B721FB409400EB7CB6 /* Release */ = {
			isa = XCBuildConfiguration;
			buildSettings = {
				ALWAYS_SEARCH_USER_PATHS = NO;
				CLANG_ANALYZER_NONNULL = YES;
				CLANG_ANALYZER_NUMBER_OBJECT_CONVERSION = YES_AGGRESSIVE;
				CLANG_CXX_LANGUAGE_STANDARD = "gnu++14";
				CLANG_CXX_LIBRARY = "libc++";
				CLANG_ENABLE_MODULES = YES;
				CLANG_ENABLE_OBJC_ARC = YES;
				CLANG_ENABLE_OBJC_WEAK = YES;
				CLANG_WARN_BLOCK_CAPTURE_AUTORELEASING = YES;
				CLANG_WARN_BOOL_CONVERSION = YES;
				CLANG_WARN_COMMA = YES;
				CLANG_WARN_CONSTANT_CONVERSION = YES;
				CLANG_WARN_DEPRECATED_OBJC_IMPLEMENTATIONS = YES;
				CLANG_WARN_DIRECT_OBJC_ISA_USAGE = YES_ERROR;
				CLANG_WARN_DOCUMENTATION_COMMENTS = YES;
				CLANG_WARN_EMPTY_BODY = YES;
				CLANG_WARN_ENUM_CONVERSION = YES;
				CLANG_WARN_INFINITE_RECURSION = YES;
				CLANG_WARN_INT_CONVERSION = YES;
				CLANG_WARN_NON_LITERAL_NULL_CONVERSION = YES;
				CLANG_WARN_OBJC_IMPLICIT_RETAIN_SELF = YES;
				CLANG_WARN_OBJC_LITERAL_CONVERSION = YES;
				CLANG_WARN_OBJC_ROOT_CLASS = YES_ERROR;
				CLANG_WARN_RANGE_LOOP_ANALYSIS = YES;
				CLANG_WARN_STRICT_PROTOTYPES = YES;
				CLANG_WARN_SUSPICIOUS_MOVE = YES;
				CLANG_WARN_UNGUARDED_AVAILABILITY = YES_AGGRESSIVE;
				CLANG_WARN_UNREACHABLE_CODE = YES;
				CLANG_WARN__DUPLICATE_METHOD_MATCH = YES;
				CODE_SIGN_IDENTITY = "iPhone Developer";
				COPY_PHASE_STRIP = NO;
				DEBUG_INFORMATION_FORMAT = "dwarf-with-dsym";
				ENABLE_NS_ASSERTIONS = NO;
				ENABLE_STRICT_OBJC_MSGSEND = YES;
				GCC_C_LANGUAGE_STANDARD = gnu11;
				GCC_NO_COMMON_BLOCKS = YES;
				GCC_WARN_64_TO_32_BIT_CONVERSION = YES;
				GCC_WARN_ABOUT_RETURN_TYPE = YES_ERROR;
				GCC_WARN_UNDECLARED_SELECTOR = YES;
				GCC_WARN_UNINITIALIZED_AUTOS = YES_AGGRESSIVE;
				GCC_WARN_UNUSED_FUNCTION = YES;
				GCC_WARN_UNUSED_VARIABLE = YES;
				IPHONEOS_DEPLOYMENT_TARGET = 12.1;
				MTL_ENABLE_DEBUG_INFO = NO;
				MTL_FAST_MATH = YES;
				SDKROOT = iphoneos;
				SWIFT_COMPILATION_MODE = wholemodule;
				SWIFT_OPTIMIZATION_LEVEL = "-O";
				VALIDATE_PRODUCT = YES;
			};
			name = Release;
		};
		763005B921FB409400EB7CB6 /* Debug */ = {
			isa = XCBuildConfiguration;
			baseConfigurationReference = 327C8E2B28BDCDDF18040797 /* Pods-MRImagePicker.debug.xcconfig */;
			buildSettings = {
				ASSETCATALOG_COMPILER_APPICON_NAME = AppIcon;
				CODE_SIGN_STYLE = Automatic;
				DEVELOPMENT_TEAM = RP89378SM9;
				INFOPLIST_FILE = "$(SRCROOT)/MRImagePicker/Supporting Files/Info.plist";
				LD_RUNPATH_SEARCH_PATHS = (
					"$(inherited)",
					"@executable_path/Frameworks",
				);
				PRODUCT_BUNDLE_IDENTIFIER = br.com.maryshkamy.MRImagePicker;
				PRODUCT_NAME = "$(TARGET_NAME)";
				SWIFT_VERSION = 4.2;
				TARGETED_DEVICE_FAMILY = "1,2";
			};
			name = Debug;
		};
		763005BA21FB409400EB7CB6 /* Release */ = {
			isa = XCBuildConfiguration;
			baseConfigurationReference = A4BE27BFB0D7200EEE2D9911 /* Pods-MRImagePicker.release.xcconfig */;
			buildSettings = {
				ASSETCATALOG_COMPILER_APPICON_NAME = AppIcon;
				CODE_SIGN_STYLE = Automatic;
				DEVELOPMENT_TEAM = RP89378SM9;
				INFOPLIST_FILE = "$(SRCROOT)/MRImagePicker/Supporting Files/Info.plist";
				LD_RUNPATH_SEARCH_PATHS = (
					"$(inherited)",
					"@executable_path/Frameworks",
				);
				PRODUCT_BUNDLE_IDENTIFIER = br.com.maryshkamy.MRImagePicker;
				PRODUCT_NAME = "$(TARGET_NAME)";
				SWIFT_VERSION = 4.2;
				TARGETED_DEVICE_FAMILY = "1,2";
			};
			name = Release;
		};
		763005BC21FB409400EB7CB6 /* Debug */ = {
			isa = XCBuildConfiguration;
			baseConfigurationReference = 5A1B59CF3C13BDE7A2CABBAE /* Pods-MRImagePickerTests.debug.xcconfig */;
			buildSettings = {
				ALWAYS_EMBED_SWIFT_STANDARD_LIBRARIES = YES;
				BUNDLE_LOADER = "$(TEST_HOST)";
				CODE_SIGN_STYLE = Automatic;
				DEVELOPMENT_TEAM = RP89378SM9;
				INFOPLIST_FILE = MRImagePickerTests/Info.plist;
				LD_RUNPATH_SEARCH_PATHS = (
					"$(inherited)",
					"@executable_path/Frameworks",
					"@loader_path/Frameworks",
				);
				PRODUCT_BUNDLE_IDENTIFIER = br.com.maryshkamy.MRImagePickerTests;
				PRODUCT_NAME = "$(TARGET_NAME)";
				SWIFT_VERSION = 4.2;
				TARGETED_DEVICE_FAMILY = "1,2";
				TEST_HOST = "$(BUILT_PRODUCTS_DIR)/MRImagePicker.app/MRImagePicker";
			};
			name = Debug;
		};
		763005BD21FB409400EB7CB6 /* Release */ = {
			isa = XCBuildConfiguration;
			baseConfigurationReference = 796B3CC2F73F94EE4CA8857B /* Pods-MRImagePickerTests.release.xcconfig */;
			buildSettings = {
				ALWAYS_EMBED_SWIFT_STANDARD_LIBRARIES = YES;
				BUNDLE_LOADER = "$(TEST_HOST)";
				CODE_SIGN_STYLE = Automatic;
				DEVELOPMENT_TEAM = RP89378SM9;
				INFOPLIST_FILE = MRImagePickerTests/Info.plist;
				LD_RUNPATH_SEARCH_PATHS = (
					"$(inherited)",
					"@executable_path/Frameworks",
					"@loader_path/Frameworks",
				);
				PRODUCT_BUNDLE_IDENTIFIER = br.com.maryshkamy.MRImagePickerTests;
				PRODUCT_NAME = "$(TARGET_NAME)";
				SWIFT_VERSION = 4.2;
				TARGETED_DEVICE_FAMILY = "1,2";
				TEST_HOST = "$(BUILT_PRODUCTS_DIR)/MRImagePicker.app/MRImagePicker";
			};
			name = Release;
		};
/* End XCBuildConfiguration section */

/* Begin XCConfigurationList section */
		7630059621FB409300EB7CB6 /* Build configuration list for PBXProject "MRImagePicker" */ = {
			isa = XCConfigurationList;
			buildConfigurations = (
				763005B621FB409400EB7CB6 /* Debug */,
				763005B721FB409400EB7CB6 /* Release */,
			);
			defaultConfigurationIsVisible = 0;
			defaultConfigurationName = Release;
		};
		763005B821FB409400EB7CB6 /* Build configuration list for PBXNativeTarget "MRImagePicker" */ = {
			isa = XCConfigurationList;
			buildConfigurations = (
				763005B921FB409400EB7CB6 /* Debug */,
				763005BA21FB409400EB7CB6 /* Release */,
			);
			defaultConfigurationIsVisible = 0;
			defaultConfigurationName = Release;
		};
		763005BB21FB409400EB7CB6 /* Build configuration list for PBXNativeTarget "MRImagePickerTests" */ = {
			isa = XCConfigurationList;
			buildConfigurations = (
				763005BC21FB409400EB7CB6 /* Debug */,
				763005BD21FB409400EB7CB6 /* Release */,
			);
			defaultConfigurationIsVisible = 0;
			defaultConfigurationName = Release;
		};
/* End XCConfigurationList section */
	};
	rootObject = 7630059321FB409300EB7CB6 /* Project object */;
}
